# This file is generated by running "yarn install" inside your project.
# Manual changes might be lost - proceed with caution!

__metadata:
  version: 8
  cacheKey: 10c0

"@agent-code-index/core@workspace:*, @agent-code-index/core@workspace:packages/core":
  version: 0.0.0-use.local
  resolution: "@agent-code-index/core@workspace:packages/core"
  languageName: unknown
  linkType: soft

"@agent-code-index/infra@workspace:*, @agent-code-index/infra@workspace:packages/infra":
  version: 0.0.0-use.local
  resolution: "@agent-code-index/infra@workspace:packages/infra"
  dependencies:
    "@agent-code-index/core": "workspace:*"
    surrealdb: "npm:^2.0.3"
    tslib: "npm:^2.8.1"
    typescript: "npm:^5.8.2"
  languageName: unknown
  linkType: soft

"@agent-code-index/mcp-server@workspace:packages/mcp-server":
  version: 0.0.0-use.local
  resolution: "@agent-code-index/mcp-server@workspace:packages/mcp-server"
  dependencies:
    "@agent-code-index/core": "workspace:*"
    "@agent-code-index/infra": "workspace:*"
  languageName: unknown
  linkType: soft

"@surrealdb/cbor@npm:2.0.0-alpha.4":
  version: 2.0.0-alpha.4
  resolution: "@surrealdb/cbor@npm:2.0.0-alpha.4"
  checksum: 10c0/10dd241a4d5794ac643d925c5fb3d4a7336231350a5254a1282f389f83cb0269f284e7291c1cfc13a077b2841f129aa91d3bee8c9fa5dbdd9d86e5d1ebd81bf3
  languageName: node
  linkType: hard

"@types/node@npm:^22.13.11":
  version: 22.19.15
  resolution: "@types/node@npm:22.19.15"
  dependencies:
    undici-types: "npm:~6.21.0"
  checksum: 10c0/f17eaf3d0d1da5e93ad9e287efb78201f8a5282973c004c5f70d91675c5c6b926a23acaa7b158a42b3d7e27e36b349d65a531710c91c308fca53dd7fa280ef98
  languageName: node
  linkType: hard

"agent-code-index@workspace:.":
  version: 0.0.0-use.local
  resolution: "agent-code-index@workspace:."
  dependencies:
    "@types/node": "npm:^22.13.11"
    prettier: "npm:^3.8.1"
    typescript: "npm:^5.8.2"
  languageName: unknown
  linkType: soft

"prettier@npm:^3.8.1":
  version: 3.8.1
  resolution: "prettier@npm:3.8.1"
  bin:
    prettier: bin/prettier.cjs
  checksum: 10c0/33169b594009e48f570471271be7eac7cdcf88a209eed39ac3b8d6d78984039bfa9132f82b7e6ba3b06711f3bfe0222a62a1bfb87c43f50c25a83df1b78a2c42
  languageName: node
  linkType: hard

"surrealdb@npm:^2.0.3":
  version: 2.0.3
  resolution: "surrealdb@npm:2.0.3"
  dependencies:
    "@surrealdb/cbor": "npm:2.0.0-alpha.4"
    uuidv7: "npm:^1.0.1"
  peerDependencies:
    tslib: ^2.6.3
    typescript: ^5.0.0
  checksum: 10c0/438b9d8677a0eb118e38620669ba96efa738e4a0b5e6baada3e7844f7fd0037c1852be58c81e4e3e4cf162adccb019e85352bfc32df05205fadf9056e59d6f25
  languageName: node
  linkType: hard

"tslib@npm:^2.8.1":
  version: 2.8.1
  resolution: "tslib@npm:2.8.1"
  checksum: 10c0/9c4759110a19c53f992d9aae23aac5ced636e99887b51b9e61def52611732872ff7668757d4e4c61f19691e36f4da981cd9485e869b4a7408d689f6bf1f14e62
  languageName: node
  linkType: hard

"typescript@npm:^5.8.2":
  version: 5.9.3
  resolution: "typescript@npm:5.9.3"
  bin:
    tsc: bin/tsc
    tsserver: bin/tsserver
  checksum: 10c0/6bd7552ce39f97e711db5aa048f6f9995b53f1c52f7d8667c1abdc1700c68a76a308f579cd309ce6b53646deb4e9a1be7c813a93baaf0a28ccd536a30270e1c5
  languageName: node
  linkType: hard

"typescript@patch:typescript@npm%3A^5.8.2#optional!builtin<compat/typescript>":
  version: 5.9.3
  resolution: "typescript@patch:typescript@npm%3A5.9.3#optional!builtin<compat/typescript>::version=5.9.3&hash=5786d5"
  bin:
    tsc: bin/tsc
    tsserver: bin/tsserver
  checksum: 10c0/ad09fdf7a756814dce65bc60c1657b40d44451346858eea230e10f2e95a289d9183b6e32e5c11e95acc0ccc214b4f36289dcad4bf1886b0adb84d711d336a430
  languageName: node
  linkType: hard

"undici-types@npm:~6.21.0":
  version: 6.21.0
  resolution: "undici-types@npm:6.21.0"
  checksum: 10c0/c01ed51829b10aa72fc3ce64b747f8e74ae9b60eafa19a7b46ef624403508a54c526ffab06a14a26b3120d055e1104d7abe7c9017e83ced038ea5cf52f8d5e04
  languageName: node
  linkType: hard

"uuidv7@npm:^1.0.1":
  version: 1.1.0
  resolution: "uuidv7@npm:1.1.0"
  bin:
    uuidv7: cli.js
  checksum: 10c0/eceeb6cd682e323f14778cda6f221ebfafc339cd8bf8032a905b367cec547bffd5c717a60e956891525066c9a45f44fbe7688c269d1f95773ab940a212f1319c
  languageName: node
  linkType: hard
