# This file is generated by running "yarn install" inside your project.
# Manual changes might be lost - proceed with caution!

__metadata:
  version: 8
  cacheKey: 10c0

"@agent-code-index/core@workspace:*, @agent-code-index/core@workspace:packages/core":
  version: 0.0.0-use.local
  resolution: "@agent-code-index/core@workspace:packages/core"
  languageName: unknown
  linkType: soft

"@agent-code-index/infra@workspace:*, @agent-code-index/infra@workspace:packages/infra":
  version: 0.0.0-use.local
  resolution: "@agent-code-index/infra@workspace:packages/infra"
  dependencies:
    "@agent-code-index/core": "workspace:*"
  languageName: unknown
  linkType: soft

"@agent-code-index/mcp-server@workspace:packages/mcp-server":
  version: 0.0.0-use.local
  resolution: "@agent-code-index/mcp-server@workspace:packages/mcp-server"
  dependencies:
    "@agent-code-index/core": "workspace:*"
    "@agent-code-index/infra": "workspace:*"
  languageName: unknown
  linkType: soft

"@types/node@npm:^22.13.11":
  version: 22.19.15
  resolution: "@types/node@npm:22.19.15"
  dependencies:
    undici-types: "npm:~6.21.0"
  checksum: 10c0/f17eaf3d0d1da5e93ad9e287efb78201f8a5282973c004c5f70d91675c5c6b926a23acaa7b158a42b3d7e27e36b349d65a531710c91c308fca53dd7fa280ef98
  languageName: node
  linkType: hard

"agent-code-index@workspace:.":
  version: 0.0.0-use.local
  resolution: "agent-code-index@workspace:."
  dependencies:
    "@types/node": "npm:^22.13.11"
    prettier: "npm:^3.8.1"
    typescript: "npm:^5.8.2"
  languageName: unknown
  linkType: soft

"prettier@npm:^3.8.1":
  version: 3.8.1
  resolution: "prettier@npm:3.8.1"
  bin:
    prettier: bin/prettier.cjs
  checksum: 10c0/33169b594009e48f570471271be7eac7cdcf88a209eed39ac3b8d6d78984039bfa9132f82b7e6ba3b06711f3bfe0222a62a1bfb87c43f50c25a83df1b78a2c42
  languageName: node
  linkType: hard

"typescript@npm:^5.8.2":
  version: 5.9.3
  resolution: "typescript@npm:5.9.3"
  bin:
    tsc: bin/tsc
    tsserver: bin/tsserver
  checksum: 10c0/6bd7552ce39f97e711db5aa048f6f9995b53f1c52f7d8667c1abdc1700c68a76a308f579cd309ce6b53646deb4e9a1be7c813a93baaf0a28ccd536a30270e1c5
  languageName: node
  linkType: hard

"typescript@patch:typescript@npm%3A^5.8.2#optional!builtin<compat/typescript>":
  version: 5.9.3
  resolution: "typescript@patch:typescript@npm%3A5.9.3#optional!builtin<compat/typescript>::version=5.9.3&hash=5786d5"
  bin:
    tsc: bin/tsc
    tsserver: bin/tsserver
  checksum: 10c0/ad09fdf7a756814dce65bc60c1657b40d44451346858eea230e10f2e95a289d9183b6e32e5c11e95acc0ccc214b4f36289dcad4bf1886b0adb84d711d336a430
  languageName: node
  linkType: hard

"undici-types@npm:~6.21.0":
  version: 6.21.0
  resolution: "undici-types@npm:6.21.0"
  checksum: 10c0/c01ed51829b10aa72fc3ce64b747f8e74ae9b60eafa19a7b46ef624403508a54c526ffab06a14a26b3120d055e1104d7abe7c9017e83ced038ea5cf52f8d5e04
  languageName: node
  linkType: hard
